
Microsoft Visual Studio Solution File, Format Version 12.00
# Visual Studio Version 17
VisualStudioVersion = 17.6.33723.286
MinimumVisualStudioVersion = 10.0.40219.1
Project("{FAE04EC0-301F-11D3-BF4B-00C04F79EFBC}") = "HomeWork2_2", "HomeWork2_2\HomeWork2_2.csproj", "{AD74689D-68A6-4E6F-8890-FD68E96AE6EF}"
EndProject
Global
	GlobalSection(SolutionConfigurationPlatforms) = preSolution
		Debug|Any CPU = Debug|Any CPU
		Release|Any CPU = Release|Any CPU
	EndGlobalSection
	GlobalSection(ProjectConfigurationPlatforms) = postSolution
		{AD74689D-68A6-4E6F-8890-FD68E96AE6EF}.Debug|Any CPU.ActiveCfg = Debug|Any CPU
		{AD74689D-68A6-4E6F-8890-FD68E96AE6EF}.Debug|Any CPU.Build.0 = Debug|Any CPU
		{AD74689D-68A6-4E6F-8890-FD68E96AE6EF}.Release|Any CPU.ActiveCfg = Release|Any CPU
		{AD74689D-68A6-4E6F-8890-FD68E96AE6EF}.Release|Any CPU.Build.0 = Release|Any CPU
	EndGlobalSection
	GlobalSection(SolutionProperties) = preSolution
		HideSolutionNode = FALSE
	EndGlobalSection
	GlobalSection(ExtensibilityGlobals) = postSolution
		SolutionGuid = {26531B08-0DAF-4AB8-9F39-BED767B891F8}
	EndGlobalSection
EndGlobal
